
Microsoft Visual Studio Solution File, Format Version 12.00
# Visual Studio Version 17
VisualStudioVersion = 17.9.34310.174
MinimumVisualStudioVersion = 10.0.40219.1
Project("{FAE04EC0-301F-11D3-BF4B-00C04F79EFBC}") = "Task_22", "Task_22\Task_22.csproj", "{C86B7E1D-C58B-47CF-A519-D9D821E238FA}"
EndProject
Global
	GlobalSection(SolutionConfigurationPlatforms) = preSolution
		Debug|Any CPU = Debug|Any CPU
		Release|Any CPU = Release|Any CPU
	EndGlobalSection
	GlobalSection(ProjectConfigurationPlatforms) = postSolution
		{C86B7E1D-C58B-47CF-A519-D9D821E238FA}.Debug|Any CPU.ActiveCfg = Debug|Any CPU
		{C86B7E1D-C58B-47CF-A519-D9D821E238FA}.Debug|Any CPU.Build.0 = Debug|Any CPU
		{C86B7E1D-C58B-47CF-A519-D9D821E238FA}.Release|Any CPU.ActiveCfg = Release|Any CPU
		{C86B7E1D-C58B-47CF-A519-D9D821E238FA}.Release|Any CPU.Build.0 = Release|Any CPU
	EndGlobalSection
	GlobalSection(SolutionProperties) = preSolution
		HideSolutionNode = FALSE
	EndGlobalSection
	GlobalSection(ExtensibilityGlobals) = postSolution
		SolutionGuid = {5E239EEA-F58A-4EF7-963D-BF4661173B9C}
	EndGlobalSection
EndGlobal
